
Microsoft Visual Studio Solution File, Format Version 12.00
# Visual Studio Version 16
VisualStudioVersion = 16.0.31205.134
MinimumVisualStudioVersion = 10.0.40219.1
Project("{FAE04EC0-301F-11D3-BF4B-00C04F79EFBC}") = "Contact", "Contact\Contact.csproj", "{2CF9E7C2-025C-4080-BDDF-775B234B2440}"
EndProject
Project("{2150E333-8FDC-42A3-9474-1A3956D46DE8}") = "Solution Items", "Solution Items", "{1B28C794-08D3-49A2-A2F9-7A74877380B3}"
	ProjectSection(SolutionItems) = preProject
		SqlQuery_1.sql = SqlQuery_1.sql
	EndProjectSection
EndProject
Global
	GlobalSection(SolutionConfigurationPlatforms) = preSolution
		Debug|Any CPU = Debug|Any CPU
		Release|Any CPU = Release|Any CPU
	EndGlobalSection
	GlobalSection(ProjectConfigurationPlatforms) = postSolution
		{2CF9E7C2-025C-4080-BDDF-775B234B2440}.Debug|Any CPU.ActiveCfg = Debug|Any CPU
		{2CF9E7C2-025C-4080-BDDF-775B234B2440}.Debug|Any CPU.Build.0 = Debug|Any CPU
		{2CF9E7C2-025C-4080-BDDF-775B234B2440}.Release|Any CPU.ActiveCfg = Release|Any CPU
		{2CF9E7C2-025C-4080-BDDF-775B234B2440}.Release|Any CPU.Build.0 = Release|Any CPU
	EndGlobalSection
	GlobalSection(SolutionProperties) = preSolution
		HideSolutionNode = FALSE
	EndGlobalSection
	GlobalSection(ExtensibilityGlobals) = postSolution
		SolutionGuid = {421B2545-F0D6-4DF3-AF3F-7AE54CA7B820}
	EndGlobalSection
EndGlobal
